# This file is automatically @generated by Cargo.
# It is not intended for manual editing.
version = 4

[[package]]
name = "agentos_io"
version = "0.1.0"

[[package]]
name = "agentos_io_llm_gemini"
version = "0.1.0"

[[package]]
name = "agentos_io_ollama"
version = "0.1.0"

[[package]]
name = "agentos_io_terminal"
version = "0.1.0"

[[package]]
name = "agentos_io_web_server"
version = "0.1.0"
